
Microsoft Visual Studio Solution File, Format Version 12.00
# Visual Studio Version 17
VisualStudioVersion = 17.10.35013.160
MinimumVisualStudioVersion = 10.0.40219.1
Project("{FAE04EC0-301F-11D3-BF4B-00C04F79EFBC}") = "mvcAuction", "mvcAuction\mvcAuction.csproj", "{F949730B-0149-4605-B806-6DF838C5C023}"
EndProject
Global
	GlobalSection(SolutionConfigurationPlatforms) = preSolution
		Debug|Any CPU = Debug|Any CPU
		Release|Any CPU = Release|Any CPU
	EndGlobalSection
	GlobalSection(ProjectConfigurationPlatforms) = postSolution
		{F949730B-0149-4605-B806-6DF838C5C023}.Debug|Any CPU.ActiveCfg = Debug|Any CPU
		{F949730B-0149-4605-B806-6DF838C5C023}.Debug|Any CPU.Build.0 = Debug|Any CPU
		{F949730B-0149-4605-B806-6DF838C5C023}.Release|Any CPU.ActiveCfg = Release|Any CPU
		{F949730B-0149-4605-B806-6DF838C5C023}.Release|Any CPU.Build.0 = Release|Any CPU
	EndGlobalSection
	GlobalSection(SolutionProperties) = preSolution
		HideSolutionNode = FALSE
	EndGlobalSection
	GlobalSection(ExtensibilityGlobals) = postSolution
		SolutionGuid = {7FB633EE-485F-4805-BABD-569F8B06C422}
	EndGlobalSection
EndGlobal
